// !$*UTF8*$!
{
	archiveVersion = 1;
	classes = {
	};
	objectVersion = 56;
	objects = {

/* Begin PBXBuildFile section */
		6D86DF2D2BD1171A00E6311C /* ShootCounterApp.swift in Sources */ = {isa = PBXBuildFile; fileRef = 6D86DF2C2BD1171A00E6311C /* ShootCounterApp.swift */; };
		6D86DF2F2BD1171A00E6311C /* ContentView.swift in Sources */ = {isa = PBXBuildFile; fileRef = 6D86DF2E2BD1171A00E6311C /* ContentView.swift */; };
		6D86DF312BD1171B00E6311C /* Assets.xcassets in Resources */ = {isa = PBXBuildFile; fileRef = 6D86DF302BD1171B00E6311C /* Assets.xcassets */; };
		6D86DF342BD1171B00E6311C /* Preview Assets.xcassets in Resources */ = {isa = PBXBuildFile; fileRef = 6D86DF332BD1171B00E6311C /* Preview Assets.xcassets */; };
		6D86DF3E2BD1171B00E6311C /* ShootCounterTests.swift in Sources */ = {isa = PBXBuildFile; fileRef = 6D86DF3D2BD1171B00E6311C /* ShootCounterTests.swift */; };
		6D86DF482BD1171B00E6311C /* ShootCounterUITests.swift in Sources */ = {isa = PBXBuildFile; fileRef = 6D86DF472BD1171B00E6311C /* ShootCounterUITests.swift */; };
		6D86DF4A2BD1171B00E6311C /* ShootCounterUITestsLaunchTests.swift in Sources */ = {isa = PBXBuildFile; fileRef = 6D86DF492BD1171B00E6311C /* ShootCounterUITestsLaunchTests.swift */; };
		6D86DF572BD11A0100E6311C /* Team.swift in Sources */ = {isa = PBXBuildFile; fileRef = 6D86DF562BD11A0100E6311C /* Team.swift */; };
		6D86DF5A2BD11A4700E6311C /* Game.swift in Sources */ = {isa = PBXBuildFile; fileRef = 6D86DF592BD11A4700E6311C /* Game.swift */; };
		6D86DF5C2BD11E2000E6311C /* Period.swift in Sources */ = {isa = PBXBuildFile; fileRef = 6D86DF5B2BD11E2000E6311C /* Period.swift */; };
		6D86DF5F2BD11FC900E6311C /* GamesViewModel.swift in Sources */ = {isa = PBXBuildFile; fileRef = 6D86DF5E2BD11FC900E6311C /* GamesViewModel.swift */; };
		6D86DF622BD12B4B00E6311C /* GameView.swift in Sources */ = {isa = PBXBuildFile; fileRef = 6D86DF612BD12B4B00E6311C /* GameView.swift */; };
		6D86DF642BD19C5C00E6311C /* PeriodView.swift in Sources */ = {isa = PBXBuildFile; fileRef = 6D86DF632BD19C5C00E6311C /* PeriodView.swift */; };
		6D86DF662BD19DAD00E6311C /* GameHeader.swift in Sources */ = {isa = PBXBuildFile; fileRef = 6D86DF652BD19DAD00E6311C /* GameHeader.swift */; };
		6D86DF682BD27A0900E6311C /* GamesListView.swift in Sources */ = {isa = PBXBuildFile; fileRef = 6D86DF672BD27A0900E6311C /* GamesListView.swift */; };
		6DA63D2D2C208C1A00C0BB04 /* Club.swift in Sources */ = {isa = PBXBuildFile; fileRef = 6DA63D2C2C208C1A00C0BB04 /* Club.swift */; };
		6DA63D2F2C21D24100C0BB04 /* ClubsListView.swift in Sources */ = {isa = PBXBuildFile; fileRef = 6DA63D2E2C21D24100C0BB04 /* ClubsListView.swift */; };
		6DA63D312C232BD600C0BB04 /* ClubView.swift in Sources */ = {isa = PBXBuildFile; fileRef = 6DA63D302C232BD600C0BB04 /* ClubView.swift */; };
		6DFE1A732C18BFD800A1713B /* ClubLogoImageView.swift in Sources */ = {isa = PBXBuildFile; fileRef = 6DFE1A722C18BFD800A1713B /* ClubLogoImageView.swift */; };
/* End PBXBuildFile section */

/* Begin PBXContainerItemProxy section */
		6D86DF3A2BD1171B00E6311C /* PBXContainerItemProxy */ = {
			isa = PBXContainerItemProxy;
			containerPortal = 6D86DF212BD1171A00E6311C /* Project object */;
			proxyType = 1;
			remoteGlobalIDString = 6D86DF282BD1171A00E6311C;
			remoteInfo = ShootCounter;
		};
		6D86DF442BD1171B00E6311C /* PBXContainerItemProxy */ = {
			isa = PBXContainerItemProxy;
			containerPortal = 6D86DF212BD1171A00E6311C /* Project object */;
			proxyType = 1;
			remoteGlobalIDString = 6D86DF282BD1171A00E6311C;
			remoteInfo = ShootCounter;
		};
/* End PBXContainerItemProxy section */

/* Begin PBXFileReference section */
		6D86DF292BD1171A00E6311C /* ShootCounter.app */ = {isa = PBXFileReference; explicitFileType = wrapper.application; includeInIndex = 0; path = ShootCounter.app; sourceTree = BUILT_PRODUCTS_DIR; };
		6D86DF2C2BD1171A00E6311C /* ShootCounterApp.swift */ = {isa = PBXFileReference; lastKnownFileType = sourcecode.swift; path = ShootCounterApp.swift; sourceTree = "<group>"; };
		6D86DF2E2BD1171A00E6311C /* ContentView.swift */ = {isa = PBXFileReference; lastKnownFileType = sourcecode.swift; path = ContentView.swift; sourceTree = "<group>"; };
		6D86DF302BD1171B00E6311C /* Assets.xcassets */ = {isa = PBXFileReference; lastKnownFileType = folder.assetcatalog; path = Assets.xcassets; sourceTree = "<group>"; };
		6D86DF332BD1171B00E6311C /* Preview Assets.xcassets */ = {isa = PBXFileReference; lastKnownFileType = folder.assetcatalog; path = "Preview Assets.xcassets"; sourceTree = "<group>"; };
		6D86DF392BD1171B00E6311C /* ShootCounterTests.xctest */ = {isa = PBXFileReference; explicitFileType = wrapper.cfbundle; includeInIndex = 0; path = ShootCounterTests.xctest; sourceTree = BUILT_PRODUCTS_DIR; };
		6D86DF3D2BD1171B00E6311C /* ShootCounterTests.swift */ = {isa = PBXFileReference; lastKnownFileType = sourcecode.swift; path = ShootCounterTests.swift; sourceTree = "<group>"; };
		6D86DF432BD1171B00E6311C /* ShootCounterUITests.xctest */ = {isa = PBXFileReference; explicitFileType = wrapper.cfbundle; includeInIndex = 0; path = ShootCounterUITests.xctest; sourceTree = BUILT_PRODUCTS_DIR; };
		6D86DF472BD1171B00E6311C /* ShootCounterUITests.swift */ = {isa = PBXFileReference; lastKnownFileType = sourcecode.swift; path = ShootCounterUITests.swift; sourceTree = "<group>"; };
		6D86DF492BD1171B00E6311C /* ShootCounterUITestsLaunchTests.swift */ = {isa = PBXFileReference; lastKnownFileType = sourcecode.swift; path = ShootCounterUITestsLaunchTests.swift; sourceTree = "<group>"; };
		6D86DF562BD11A0100E6311C /* Team.swift */ = {isa = PBXFileReference; lastKnownFileType = sourcecode.swift; path = Team.swift; sourceTree = "<group>"; };
		6D86DF592BD11A4700E6311C /* Game.swift */ = {isa = PBXFileReference; lastKnownFileType = sourcecode.swift; path = Game.swift; sourceTree = "<group>"; };
		6D86DF5B2BD11E2000E6311C /* Period.swift */ = {isa = PBXFileReference; lastKnownFileType = sourcecode.swift; path = Period.swift; sourceTree = "<group>"; };
		6D86DF5E2BD11FC900E6311C /* GamesViewModel.swift */ = {isa = PBXFileReference; lastKnownFileType = sourcecode.swift; path = GamesViewModel.swift; sourceTree = "<group>"; };
		6D86DF612BD12B4B00E6311C /* GameView.swift */ = {isa = PBXFileReference; lastKnownFileType = sourcecode.swift; path = GameView.swift; sourceTree = "<group>"; };
		6D86DF632BD19C5C00E6311C /* PeriodView.swift */ = {isa = PBXFileReference; lastKnownFileType = sourcecode.swift; path = PeriodView.swift; sourceTree = "<group>"; };
		6D86DF652BD19DAD00E6311C /* GameHeader.swift */ = {isa = PBXFileReference; lastKnownFileType = sourcecode.swift; path = GameHeader.swift; sourceTree = "<group>"; };
		6D86DF672BD27A0900E6311C /* GamesListView.swift */ = {isa = PBXFileReference; lastKnownFileType = sourcecode.swift; path = GamesListView.swift; sourceTree = "<group>"; };
		6DA63D2C2C208C1A00C0BB04 /* Club.swift */ = {isa = PBXFileReference; lastKnownFileType = sourcecode.swift; path = Club.swift; sourceTree = "<group>"; };
		6DA63D2E2C21D24100C0BB04 /* ClubsListView.swift */ = {isa = PBXFileReference; lastKnownFileType = sourcecode.swift; path = ClubsListView.swift; sourceTree = "<group>"; };
		6DA63D302C232BD600C0BB04 /* ClubView.swift */ = {isa = PBXFileReference; lastKnownFileType = sourcecode.swift; path = ClubView.swift; sourceTree = "<group>"; };
		6DFE1A722C18BFD800A1713B /* ClubLogoImageView.swift */ = {isa = PBXFileReference; lastKnownFileType = sourcecode.swift; path = ClubLogoImageView.swift; sourceTree = "<group>"; };
/* End PBXFileReference section */

/* Begin PBXFrameworksBuildPhase section */
		6D86DF262BD1171A00E6311C /* Frameworks */ = {
			isa = PBXFrameworksBuildPhase;
			buildActionMask = 2147483647;
			files = (
			);
			runOnlyForDeploymentPostprocessing = 0;
		};
		6D86DF362BD1171B00E6311C /* Frameworks */ = {
			isa = PBXFrameworksBuildPhase;
			buildActionMask = 2147483647;
			files = (
			);
			runOnlyForDeploymentPostprocessing = 0;
		};
		6D86DF402BD1171B00E6311C /* Frameworks */ = {
			isa = PBXFrameworksBuildPhase;
			buildActionMask = 2147483647;
			files = (
			);
			runOnlyForDeploymentPostprocessing = 0;
		};
/* End PBXFrameworksBuildPhase section */

/* Begin PBXGroup section */
		6D86DF202BD1171A00E6311C = {
			isa = PBXGroup;
			children = (
				6D86DF2B2BD1171A00E6311C /* ShootCounter */,
				6D86DF3C2BD1171B00E6311C /* ShootCounterTests */,
				6D86DF462BD1171B00E6311C /* ShootCounterUITests */,
				6D86DF2A2BD1171A00E6311C /* Products */,
			);
			sourceTree = "<group>";
		};
		6D86DF2A2BD1171A00E6311C /* Products */ = {
			isa = PBXGroup;
			children = (
				6D86DF292BD1171A00E6311C /* ShootCounter.app */,
				6D86DF392BD1171B00E6311C /* ShootCounterTests.xctest */,
				6D86DF432BD1171B00E6311C /* ShootCounterUITests.xctest */,
			);
			name = Products;
			sourceTree = "<group>";
		};
		6D86DF2B2BD1171A00E6311C /* ShootCounter */ = {
			isa = PBXGroup;
			children = (
				6DFE1A712C18BFB800A1713B /* Components */,
				6D86DF602BD120D000E6311C /* Views */,
				6D86DF5D2BD11F6200E6311C /* ViewModels */,
				6D86DF582BD11A2C00E6311C /* Models */,
				6D86DF2C2BD1171A00E6311C /* ShootCounterApp.swift */,
				6D86DF2E2BD1171A00E6311C /* ContentView.swift */,
				6D86DF302BD1171B00E6311C /* Assets.xcassets */,
				6D86DF322BD1171B00E6311C /* Preview Content */,
			);
			path = ShootCounter;
			sourceTree = "<group>";
		};
		6D86DF322BD1171B00E6311C /* Preview Content */ = {
			isa = PBXGroup;
			children = (
				6D86DF332BD1171B00E6311C /* Preview Assets.xcassets */,
			);
			path = "Preview Content";
			sourceTree = "<group>";
		};
		6D86DF3C2BD1171B00E6311C /* ShootCounterTests */ = {
			isa = PBXGroup;
			children = (
				6D86DF3D2BD1171B00E6311C /* ShootCounterTests.swift */,
			);
			path = ShootCounterTests;
			sourceTree = "<group>";
		};
		6D86DF462BD1171B00E6311C /* ShootCounterUITests */ = {
			isa = PBXGroup;
			children = (
				6D86DF472BD1171B00E6311C /* ShootCounterUITests.swift */,
				6D86DF492BD1171B00E6311C /* ShootCounterUITestsLaunchTests.swift */,
			);
			path = ShootCounterUITests;
			sourceTree = "<group>";
		};
		6D86DF582BD11A2C00E6311C /* Models */ = {
			isa = PBXGroup;
			children = (
				6D86DF562BD11A0100E6311C /* Team.swift */,
				6D86DF592BD11A4700E6311C /* Game.swift */,
				6D86DF5B2BD11E2000E6311C /* Period.swift */,
				6DA63D2C2C208C1A00C0BB04 /* Club.swift */,
			);
			path = Models;
			sourceTree = "<group>";
		};
		6D86DF5D2BD11F6200E6311C /* ViewModels */ = {
			isa = PBXGroup;
			children = (
				6D86DF5E2BD11FC900E6311C /* GamesViewModel.swift */,
			);
			path = ViewModels;
			sourceTree = "<group>";
		};
		6D86DF602BD120D000E6311C /* Views */ = {
			isa = PBXGroup;
			children = (
				6D86DF612BD12B4B00E6311C /* GameView.swift */,
				6D86DF632BD19C5C00E6311C /* PeriodView.swift */,
				6D86DF652BD19DAD00E6311C /* GameHeader.swift */,
				6D86DF672BD27A0900E6311C /* GamesListView.swift */,
				6DA63D2E2C21D24100C0BB04 /* ClubsListView.swift */,
				6DA63D302C232BD600C0BB04 /* ClubView.swift */,
			);
			path = Views;
			sourceTree = "<group>";
		};
		6DFE1A712C18BFB800A1713B /* Components */ = {
			isa = PBXGroup;
			children = (
				6DFE1A722C18BFD800A1713B /* ClubLogoImageView.swift */,
			);
			path = Components;
			sourceTree = "<group>";
		};
/* End PBXGroup section */

/* Begin PBXNativeTarget section */
		6D86DF282BD1171A00E6311C /* ShootCounter */ = {
			isa = PBXNativeTarget;
			buildConfigurationList = 6D86DF4D2BD1171B00E6311C /* Build configuration list for PBXNativeTarget "ShootCounter" */;
			buildPhases = (
				6D86DF252BD1171A00E6311C /* Sources */,
				6D86DF262BD1171A00E6311C /* Frameworks */,
				6D86DF272BD1171A00E6311C /* Resources */,
			);
			buildRules = (
			);
			dependencies = (
			);
			name = ShootCounter;
			productName = ShootCounter;
			productReference = 6D86DF292BD1171A00E6311C /* ShootCounter.app */;
			productType = "com.apple.product-type.application";
		};
		6D86DF382BD1171B00E6311C /* ShootCounterTests */ = {
			isa = PBXNativeTarget;
			buildConfigurationList = 6D86DF502BD1171B00E6311C /* Build configuration list for PBXNativeTarget "ShootCounterTests" */;
			buildPhases = (
				6D86DF352BD1171B00E6311C /* Sources */,
				6D86DF362BD1171B00E6311C /* Frameworks */,
				6D86DF372BD1171B00E6311C /* Resources */,
			);
			buildRules = (
			);
			dependencies = (
				6D86DF3B2BD1171B00E6311C /* PBXTargetDependency */,
			);
			name = ShootCounterTests;
			productName = ShootCounterTests;
			productReference = 6D86DF392BD1171B00E6311C /* ShootCounterTests.xctest */;
			productType = "com.apple.product-type.bundle.unit-test";
		};
		6D86DF422BD1171B00E6311C /* ShootCounterUITests */ = {
			isa = PBXNativeTarget;
			buildConfigurationList = 6D86DF532BD1171B00E6311C /* Build configuration list for PBXNativeTarget "ShootCounterUITests" */;
			buildPhases = (
				6D86DF3F2BD1171B00E6311C /* Sources */,
				6D86DF402BD1171B00E6311C /* Frameworks */,
				6D86DF412BD1171B00E6311C /* Resources */,
			);
			buildRules = (
			);
			dependencies = (
				6D86DF452BD1171B00E6311C /* PBXTargetDependency */,
			);
			name = ShootCounterUITests;
			productName = ShootCounterUITests;
			productReference = 6D86DF432BD1171B00E6311C /* ShootCounterUITests.xctest */;
			productType = "com.apple.product-type.bundle.ui-testing";
		};
/* End PBXNativeTarget section */

/* Begin PBXProject section */
		6D86DF212BD1171A00E6311C /* Project object */ = {
			isa = PBXProject;
			attributes = {
				BuildIndependentTargetsInParallel = 1;
				LastSwiftUpdateCheck = 1530;
				LastUpgradeCheck = 1530;
				TargetAttributes = {
					6D86DF282BD1171A00E6311C = {
						CreatedOnToolsVersion = 15.3;
					};
					6D86DF382BD1171B00E6311C = {
						CreatedOnToolsVersion = 15.3;
						TestTargetID = 6D86DF282BD1171A00E6311C;
					};
					6D86DF422BD1171B00E6311C = {
						CreatedOnToolsVersion = 15.3;
						TestTargetID = 6D86DF282BD1171A00E6311C;
					};
				};
			};
			buildConfigurationList = 6D86DF242BD1171A00E6311C /* Build configuration list for PBXProject "ShootCounter" */;
			compatibilityVersion = "Xcode 14.0";
			developmentRegion = en;
			hasScannedForEncodings = 0;
			knownRegions = (
				en,
				Base,
			);
			mainGroup = 6D86DF202BD1171A00E6311C;
			productRefGroup = 6D86DF2A2BD1171A00E6311C /* Products */;
			projectDirPath = "";
			projectRoot = "";
			targets = (
				6D86DF282BD1171A00E6311C /* ShootCounter */,
				6D86DF382BD1171B00E6311C /* ShootCounterTests */,
				6D86DF422BD1171B00E6311C /* ShootCounterUITests */,
			);
		};
/* End PBXProject section */

/* Begin PBXResourcesBuildPhase section */
		6D86DF272BD1171A00E6311C /* Resources */ = {
			isa = PBXResourcesBuildPhase;
			buildActionMask = 2147483647;
			files = (
				6D86DF342BD1171B00E6311C /* Preview Assets.xcassets in Resources */,
				6D86DF312BD1171B00E6311C /* Assets.xcassets in Resources */,
			);
			runOnlyForDeploymentPostprocessing = 0;
		};
		6D86DF372BD1171B00E6311C /* Resources */ = {
			isa = PBXResourcesBuildPhase;
			buildActionMask = 2147483647;
			files = (
			);
			runOnlyForDeploymentPostprocessing = 0;
		};
		6D86DF412BD1171B00E6311C /* Resources */ = {
			isa = PBXResourcesBuildPhase;
			buildActionMask = 2147483647;
			files = (
			);
			runOnlyForDeploymentPostprocessing = 0;
		};
/* End PBXResourcesBuildPhase section */

/* Begin PBXSourcesBuildPhase section */
		6D86DF252BD1171A00E6311C /* Sources */ = {
			isa = PBXSourcesBuildPhase;
			buildActionMask = 2147483647;
			files = (
				6DA63D312C232BD600C0BB04 /* ClubView.swift in Sources */,
				6D86DF5F2BD11FC900E6311C /* GamesViewModel.swift in Sources */,
				6D86DF642BD19C5C00E6311C /* PeriodView.swift in Sources */,
				6DA63D2F2C21D24100C0BB04 /* ClubsListView.swift in Sources */,
				6D86DF682BD27A0900E6311C /* GamesListView.swift in Sources */,
				6D86DF5C2BD11E2000E6311C /* Period.swift in Sources */,
				6D86DF572BD11A0100E6311C /* Team.swift in Sources */,
				6D86DF662BD19DAD00E6311C /* GameHeader.swift in Sources */,
				6D86DF2F2BD1171A00E6311C /* ContentView.swift in Sources */,
				6DA63D2D2C208C1A00C0BB04 /* Club.swift in Sources */,
				6D86DF2D2BD1171A00E6311C /* ShootCounterApp.swift in Sources */,
				6D86DF5A2BD11A4700E6311C /* Game.swift in Sources */,
				6DFE1A732C18BFD800A1713B /* ClubLogoImageView.swift in Sources */,
				6D86DF622BD12B4B00E6311C /* GameView.swift in Sources */,
			);
			runOnlyForDeploymentPostprocessing = 0;
		};
		6D86DF352BD1171B00E6311C /* Sources */ = {
			isa = PBXSourcesBuildPhase;
			buildActionMask = 2147483647;
			files = (
				6D86DF3E2BD1171B00E6311C /* ShootCounterTests.swift in Sources */,
			);
			runOnlyForDeploymentPostprocessing = 0;
		};
		6D86DF3F2BD1171B00E6311C /* Sources */ = {
			isa = PBXSourcesBuildPhase;
			buildActionMask = 2147483647;
			files = (
				6D86DF482BD1171B00E6311C /* ShootCounterUITests.swift in Sources */,
				6D86DF4A2BD1171B00E6311C /* ShootCounterUITestsLaunchTests.swift in Sources */,
			);
			runOnlyForDeploymentPostprocessing = 0;
		};
/* End PBXSourcesBuildPhase section */

/* Begin PBXTargetDependency section */
		6D86DF3B2BD1171B00E6311C /* PBXTargetDependency */ = {
			isa = PBXTargetDependency;
			target = 6D86DF282BD1171A00E6311C /* ShootCounter */;
			targetProxy = 6D86DF3A2BD1171B00E6311C /* PBXContainerItemProxy */;
		};
		6D86DF452BD1171B00E6311C /* PBXTargetDependency */ = {
			isa = PBXTargetDependency;
			target = 6D86DF282BD1171A00E6311C /* ShootCounter */;
			targetProxy = 6D86DF442BD1171B00E6311C /* PBXContainerItemProxy */;
		};
/* End PBXTargetDependency section */

/* Begin XCBuildConfiguration section */
		6D86DF4B2BD1171B00E6311C /* Debug */ = {
			isa = XCBuildConfiguration;
			buildSettings = {
				ALWAYS_SEARCH_USER_PATHS = NO;
				ASSETCATALOG_COMPILER_GENERATE_SWIFT_ASSET_SYMBOL_EXTENSIONS = YES;
				CLANG_ANALYZER_NONNULL = YES;
				CLANG_ANALYZER_NUMBER_OBJECT_CONVERSION = YES_AGGRESSIVE;
				CLANG_CXX_LANGUAGE_STANDARD = "gnu++20";
				CLANG_ENABLE_MODULES = YES;
				CLANG_ENABLE_OBJC_ARC = YES;
				CLANG_ENABLE_OBJC_WEAK = YES;
				CLANG_WARN_BLOCK_CAPTURE_AUTORELEASING = YES;
				CLANG_WARN_BOOL_CONVERSION = YES;
				CLANG_WARN_COMMA = YES;
				CLANG_WARN_CONSTANT_CONVERSION = YES;
				CLANG_WARN_DEPRECATED_OBJC_IMPLEMENTATIONS = YES;
				CLANG_WARN_DIRECT_OBJC_ISA_USAGE = YES_ERROR;
				CLANG_WARN_DOCUMENTATION_COMMENTS = YES;
				CLANG_WARN_EMPTY_BODY = YES;
				CLANG_WARN_ENUM_CONVERSION = YES;
				CLANG_WARN_INFINITE_RECURSION = YES;
				CLANG_WARN_INT_CONVERSION = YES;
				CLANG_WARN_NON_LITERAL_NULL_CONVERSION = YES;
				CLANG_WARN_OBJC_IMPLICIT_RETAIN_SELF = YES;
				CLANG_WARN_OBJC_LITERAL_CONVERSION = YES;
				CLANG_WARN_OBJC_ROOT_CLASS = YES_ERROR;
				CLANG_WARN_QUOTED_INCLUDE_IN_FRAMEWORK_HEADER = YES;
				CLANG_WARN_RANGE_LOOP_ANALYSIS = YES;
				CLANG_WARN_STRICT_PROTOTYPES = YES;
				CLANG_WARN_SUSPICIOUS_MOVE = YES;
				CLANG_WARN_UNGUARDED_AVAILABILITY = YES_AGGRESSIVE;
				CLANG_WARN_UNREACHABLE_CODE = YES;
				CLANG_WARN__DUPLICATE_METHOD_MATCH = YES;
				COPY_PHASE_STRIP = NO;
				DEBUG_INFORMATION_FORMAT = dwarf;
				ENABLE_STRICT_OBJC_MSGSEND = YES;
				ENABLE_TESTABILITY = YES;
				ENABLE_USER_SCRIPT_SANDBOXING = YES;
				GCC_C_LANGUAGE_STANDARD = gnu17;
				GCC_DYNAMIC_NO_PIC = NO;
				GCC_NO_COMMON_BLOCKS = YES;
				GCC_OPTIMIZATION_LEVEL = 0;
				GCC_PREPROCESSOR_DEFINITIONS = (
					"DEBUG=1",
					"$(inherited)",
				);
				GCC_WARN_64_TO_32_BIT_CONVERSION = YES;
				GCC_WARN_ABOUT_RETURN_TYPE = YES_ERROR;
				GCC_WARN_UNDECLARED_SELECTOR = YES;
				GCC_WARN_UNINITIALIZED_AUTOS = YES_AGGRESSIVE;
				GCC_WARN_UNUSED_FUNCTION = YES;
				GCC_WARN_UNUSED_VARIABLE = YES;
				IPHONEOS_DEPLOYMENT_TARGET = 17.4;
				LOCALIZATION_PREFERS_STRING_CATALOGS = YES;
				MTL_ENABLE_DEBUG_INFO = INCLUDE_SOURCE;
				MTL_FAST_MATH = YES;
				ONLY_ACTIVE_ARCH = YES;
				SDKROOT = iphoneos;
				SWIFT_ACTIVE_COMPILATION_CONDITIONS = "DEBUG $(inherited)";
				SWIFT_OPTIMIZATION_LEVEL = "-Onone";
			};
			name = Debug;
		};
		6D86DF4C2BD1171B00E6311C /* Release */ = {
			isa = XCBuildConfiguration;
			buildSettings = {
				ALWAYS_SEARCH_USER_PATHS = NO;
				ASSETCATALOG_COMPILER_GENERATE_SWIFT_ASSET_SYMBOL_EXTENSIONS = YES;
				CLANG_ANALYZER_NONNULL = YES;
				CLANG_ANALYZER_NUMBER_OBJECT_CONVERSION = YES_AGGRESSIVE;
				CLANG_CXX_LANGUAGE_STANDARD = "gnu++20";
				CLANG_ENABLE_MODULES = YES;
				CLANG_ENABLE_OBJC_ARC = YES;
				CLANG_ENABLE_OBJC_WEAK = YES;
				CLANG_WARN_BLOCK_CAPTURE_AUTORELEASING = YES;
				CLANG_WARN_BOOL_CONVERSION = YES;
				CLANG_WARN_COMMA = YES;
				CLANG_WARN_CONSTANT_CONVERSION = YES;
				CLANG_WARN_DEPRECATED_OBJC_IMPLEMENTATIONS = YES;
				CLANG_WARN_DIRECT_OBJC_ISA_USAGE = YES_ERROR;
				CLANG_WARN_DOCUMENTATION_COMMENTS = YES;
				CLANG_WARN_EMPTY_BODY = YES;
				CLANG_WARN_ENUM_CONVERSION = YES;
				CLANG_WARN_INFINITE_RECURSION = YES;
				CLANG_WARN_INT_CONVERSION = YES;
				CLANG_WARN_NON_LITERAL_NULL_CONVERSION = YES;
				CLANG_WARN_OBJC_IMPLICIT_RETAIN_SELF = YES;
				CLANG_WARN_OBJC_LITERAL_CONVERSION = YES;
				CLANG_WARN_OBJC_ROOT_CLASS = YES_ERROR;
				CLANG_WARN_QUOTED_INCLUDE_IN_FRAMEWORK_HEADER = YES;
				CLANG_WARN_RANGE_LOOP_ANALYSIS = YES;
				CLANG_WARN_STRICT_PROTOTYPES = YES;
				CLANG_WARN_SUSPICIOUS_MOVE = YES;
				CLANG_WARN_UNGUARDED_AVAILABILITY = YES_AGGRESSIVE;
				CLANG_WARN_UNREACHABLE_CODE = YES;
				CLANG_WARN__DUPLICATE_METHOD_MATCH = YES;
				COPY_PHASE_STRIP = NO;
				DEBUG_INFORMATION_FORMAT = "dwarf-with-dsym";
				ENABLE_NS_ASSERTIONS = NO;
				ENABLE_STRICT_OBJC_MSGSEND = YES;
				ENABLE_USER_SCRIPT_SANDBOXING = YES;
				GCC_C_LANGUAGE_STANDARD = gnu17;
				GCC_NO_COMMON_BLOCKS = YES;
				GCC_WARN_64_TO_32_BIT_CONVERSION = YES;
				GCC_WARN_ABOUT_RETURN_TYPE = YES_ERROR;
				GCC_WARN_UNDECLARED_SELECTOR = YES;
				GCC_WARN_UNINITIALIZED_AUTOS = YES_AGGRESSIVE;
				GCC_WARN_UNUSED_FUNCTION = YES;
				GCC_WARN_UNUSED_VARIABLE = YES;
				IPHONEOS_DEPLOYMENT_TARGET = 17.4;
				LOCALIZATION_PREFERS_STRING_CATALOGS = YES;
				MTL_ENABLE_DEBUG_INFO = NO;
				MTL_FAST_MATH = YES;
				SDKROOT = iphoneos;
				SWIFT_COMPILATION_MODE = wholemodule;
				VALIDATE_PRODUCT = YES;
			};
			name = Release;
		};
		6D86DF4E2BD1171B00E6311C /* Debug */ = {
			isa = XCBuildConfiguration;
			buildSettings = {
				ASSETCATALOG_COMPILER_APPICON_NAME = AppIcon;
				ASSETCATALOG_COMPILER_GLOBAL_ACCENT_COLOR_NAME = AccentColor;
				CODE_SIGN_STYLE = Automatic;
				CURRENT_PROJECT_VERSION = 1;
				DEVELOPMENT_ASSET_PATHS = "\"ShootCounter/Preview Content\"";
				DEVELOPMENT_TEAM = N79JMDU83J;
				ENABLE_PREVIEWS = YES;
				GENERATE_INFOPLIST_FILE = YES;
				INFOPLIST_KEY_UIApplicationSceneManifest_Generation = YES;
				INFOPLIST_KEY_UIApplicationSupportsIndirectInputEvents = YES;
				INFOPLIST_KEY_UILaunchScreen_Generation = YES;
				INFOPLIST_KEY_UISupportedInterfaceOrientations_iPad = "UIInterfaceOrientationPortrait UIInterfaceOrientationPortraitUpsideDown UIInterfaceOrientationLandscapeLeft UIInterfaceOrientationLandscapeRight";
				INFOPLIST_KEY_UISupportedInterfaceOrientations_iPhone = "UIInterfaceOrientationPortrait UIInterfaceOrientationLandscapeLeft UIInterfaceOrientationLandscapeRight";
				LD_RUNPATH_SEARCH_PATHS = (
					"$(inherited)",
					"@executable_path/Frameworks",
				);
				MARKETING_VERSION = 1.0;
				PRODUCT_BUNDLE_IDENTIFIER = me.thun.kristian.ShootCounter;
				PRODUCT_NAME = "$(TARGET_NAME)";
				SWIFT_EMIT_LOC_STRINGS = YES;
				SWIFT_VERSION = 5.0;
				TARGETED_DEVICE_FAMILY = "1,2";
			};
			name = Debug;
		};
		6D86DF4F2BD1171B00E6311C /* Release */ = {
			isa = XCBuildConfiguration;
			buildSettings = {
				ASSETCATALOG_COMPILER_APPICON_NAME = AppIcon;
				ASSETCATALOG_COMPILER_GLOBAL_ACCENT_COLOR_NAME = AccentColor;
				CODE_SIGN_STYLE = Automatic;
				CURRENT_PROJECT_VERSION = 1;
				DEVELOPMENT_ASSET_PATHS = "\"ShootCounter/Preview Content\"";
				DEVELOPMENT_TEAM = N79JMDU83J;
				ENABLE_PREVIEWS = YES;
				GENERATE_INFOPLIST_FILE = YES;
				INFOPLIST_KEY_UIApplicationSceneManifest_Generation = YES;
				INFOPLIST_KEY_UIApplicationSupportsIndirectInputEvents = YES;
				INFOPLIST_KEY_UILaunchScreen_Generation = YES;
				INFOPLIST_KEY_UISupportedInterfaceOrientations_iPad = "UIInterfaceOrientationPortrait UIInterfaceOrientationPortraitUpsideDown UIInterfaceOrientationLandscapeLeft UIInterfaceOrientationLandscapeRight";
				INFOPLIST_KEY_UISupportedInterfaceOrientations_iPhone = "UIInterfaceOrientationPortrait UIInterfaceOrientationLandscapeLeft UIInterfaceOrientationLandscapeRight";
				LD_RUNPATH_SEARCH_PATHS = (
					"$(inherited)",
					"@executable_path/Frameworks",
				);
				MARKETING_VERSION = 1.0;
				PRODUCT_BUNDLE_IDENTIFIER = me.thun.kristian.ShootCounter;
				PRODUCT_NAME = "$(TARGET_NAME)";
				SWIFT_EMIT_LOC_STRINGS = YES;
				SWIFT_VERSION = 5.0;
				TARGETED_DEVICE_FAMILY = "1,2";
			};
			name = Release;
		};
		6D86DF512BD1171B00E6311C /* Debug */ = {
			isa = XCBuildConfiguration;
			buildSettings = {
				ALWAYS_EMBED_SWIFT_STANDARD_LIBRARIES = YES;
				BUNDLE_LOADER = "$(TEST_HOST)";
				CODE_SIGN_STYLE = Automatic;
				CURRENT_PROJECT_VERSION = 1;
				GENERATE_INFOPLIST_FILE = YES;
				IPHONEOS_DEPLOYMENT_TARGET = 17.4;
				MARKETING_VERSION = 1.0;
				PRODUCT_BUNDLE_IDENTIFIER = me.thun.kristian.ShootCounterTests;
				PRODUCT_NAME = "$(TARGET_NAME)";
				SWIFT_EMIT_LOC_STRINGS = NO;
				SWIFT_VERSION = 5.0;
				TARGETED_DEVICE_FAMILY = "1,2";
				TEST_HOST = "$(BUILT_PRODUCTS_DIR)/ShootCounter.app/$(BUNDLE_EXECUTABLE_FOLDER_PATH)/ShootCounter";
			};
			name = Debug;
		};
		6D86DF522BD1171B00E6311C /* Release */ = {
			isa = XCBuildConfiguration;
			buildSettings = {
				ALWAYS_EMBED_SWIFT_STANDARD_LIBRARIES = YES;
				BUNDLE_LOADER = "$(TEST_HOST)";
				CODE_SIGN_STYLE = Automatic;
				CURRENT_PROJECT_VERSION = 1;
				GENERATE_INFOPLIST_FILE = YES;
				IPHONEOS_DEPLOYMENT_TARGET = 17.4;
				MARKETING_VERSION = 1.0;
				PRODUCT_BUNDLE_IDENTIFIER = me.thun.kristian.ShootCounterTests;
				PRODUCT_NAME = "$(TARGET_NAME)";
				SWIFT_EMIT_LOC_STRINGS = NO;
				SWIFT_VERSION = 5.0;
				TARGETED_DEVICE_FAMILY = "1,2";
				TEST_HOST = "$(BUILT_PRODUCTS_DIR)/ShootCounter.app/$(BUNDLE_EXECUTABLE_FOLDER_PATH)/ShootCounter";
			};
			name = Release;
		};
		6D86DF542BD1171B00E6311C /* Debug */ = {
			isa = XCBuildConfiguration;
			buildSettings = {
				ALWAYS_EMBED_SWIFT_STANDARD_LIBRARIES = YES;
				CODE_SIGN_STYLE = Automatic;
				CURRENT_PROJECT_VERSION = 1;
				GENERATE_INFOPLIST_FILE = YES;
				MARKETING_VERSION = 1.0;
				PRODUCT_BUNDLE_IDENTIFIER = me.thun.kristian.ShootCounterUITests;
				PRODUCT_NAME = "$(TARGET_NAME)";
				SWIFT_EMIT_LOC_STRINGS = NO;
				SWIFT_VERSION = 5.0;
				TARGETED_DEVICE_FAMILY = "1,2";
				TEST_TARGET_NAME = ShootCounter;
			};
			name = Debug;
		};
		6D86DF552BD1171B00E6311C /* Release */ = {
			isa = XCBuildConfiguration;
			buildSettings = {
				ALWAYS_EMBED_SWIFT_STANDARD_LIBRARIES = YES;
				CODE_SIGN_STYLE = Automatic;
				CURRENT_PROJECT_VERSION = 1;
				GENERATE_INFOPLIST_FILE = YES;
				MARKETING_VERSION = 1.0;
				PRODUCT_BUNDLE_IDENTIFIER = me.thun.kristian.ShootCounterUITests;
				PRODUCT_NAME = "$(TARGET_NAME)";
				SWIFT_EMIT_LOC_STRINGS = NO;
				SWIFT_VERSION = 5.0;
				TARGETED_DEVICE_FAMILY = "1,2";
				TEST_TARGET_NAME = ShootCounter;
			};
			name = Release;
		};
/* End XCBuildConfiguration section */

/* Begin XCConfigurationList section */
		6D86DF242BD1171A00E6311C /* Build configuration list for PBXProject "ShootCounter" */ = {
			isa = XCConfigurationList;
			buildConfigurations = (
				6D86DF4B2BD1171B00E6311C /* Debug */,
				6D86DF4C2BD1171B00E6311C /* Release */,
			);
			defaultConfigurationIsVisible = 0;
			defaultConfigurationName = Release;
		};
		6D86DF4D2BD1171B00E6311C /* Build configuration list for PBXNativeTarget "ShootCounter" */ = {
			isa = XCConfigurationList;
			buildConfigurations = (
				6D86DF4E2BD1171B00E6311C /* Debug */,
				6D86DF4F2BD1171B00E6311C /* Release */,
			);
			defaultConfigurationIsVisible = 0;
			defaultConfigurationName = Release;
		};
		6D86DF502BD1171B00E6311C /* Build configuration list for PBXNativeTarget "ShootCounterTests" */ = {
			isa = XCConfigurationList;
			buildConfigurations = (
				6D86DF512BD1171B00E6311C /* Debug */,
				6D86DF522BD1171B00E6311C /* Release */,
			);
			defaultConfigurationIsVisible = 0;
			defaultConfigurationName = Release;
		};
		6D86DF532BD1171B00E6311C /* Build configuration list for PBXNativeTarget "ShootCounterUITests" */ = {
			isa = XCConfigurationList;
			buildConfigurations = (
				6D86DF542BD1171B00E6311C /* Debug */,
				6D86DF552BD1171B00E6311C /* Release */,
			);
			defaultConfigurationIsVisible = 0;
			defaultConfigurationName = Release;
		};
/* End XCConfigurationList section */
	};
	rootObject = 6D86DF212BD1171A00E6311C /* Project object */;
}
